
Microsoft Visual Studio Solution File, Format Version 12.00
# Visual Studio Version 17
VisualStudioVersion = 17.2.32526.322
MinimumVisualStudioVersion = 10.0.40219.1
Project("{FAE04EC0-301F-11D3-BF4B-00C04F79EFBC}") = "BuiltIn_Datatypes", "BuiltIn_Datatypes\BuiltIn_Datatypes.csproj", "{E17B9A5E-73C8-4699-8C4B-DCADED52C99B}"
EndProject
Global
	GlobalSection(SolutionConfigurationPlatforms) = preSolution
		Debug|Any CPU = Debug|Any CPU
		Release|Any CPU = Release|Any CPU
	EndGlobalSection
	GlobalSection(ProjectConfigurationPlatforms) = postSolution
		{E17B9A5E-73C8-4699-8C4B-DCADED52C99B}.Debug|Any CPU.ActiveCfg = Debug|Any CPU
		{E17B9A5E-73C8-4699-8C4B-DCADED52C99B}.Debug|Any CPU.Build.0 = Debug|Any CPU
		{E17B9A5E-73C8-4699-8C4B-DCADED52C99B}.Release|Any CPU.ActiveCfg = Release|Any CPU
		{E17B9A5E-73C8-4699-8C4B-DCADED52C99B}.Release|Any CPU.Build.0 = Release|Any CPU
	EndGlobalSection
	GlobalSection(SolutionProperties) = preSolution
		HideSolutionNode = FALSE
	EndGlobalSection
	GlobalSection(ExtensibilityGlobals) = postSolution
		SolutionGuid = {DDE78103-90D5-4062-9295-706BF96ABD63}
	EndGlobalSection
EndGlobal
